
Microsoft Visual Studio Solution File, Format Version 12.00
# Visual Studio Version 17
VisualStudioVersion = 17.9.34902.65
MinimumVisualStudioVersion = 10.0.40219.1
Project("{FAE04EC0-301F-11D3-BF4B-00C04F79EFBC}") = "Pharmacy_POS_System", "Pharmacy_POS_System.csproj", "{3194BE71-AB77-4A36-B541-30AAA6890713}"
EndProject
Global
	GlobalSection(SolutionConfigurationPlatforms) = preSolution
		Debug|Any CPU = Debug|Any CPU
		Release|Any CPU = Release|Any CPU
	EndGlobalSection
	GlobalSection(ProjectConfigurationPlatforms) = postSolution
		{3194BE71-AB77-4A36-B541-30AAA6890713}.Debug|Any CPU.ActiveCfg = Debug|Any CPU
		{3194BE71-AB77-4A36-B541-30AAA6890713}.Debug|Any CPU.Build.0 = Debug|Any CPU
		{3194BE71-AB77-4A36-B541-30AAA6890713}.Release|Any CPU.ActiveCfg = Release|Any CPU
		{3194BE71-AB77-4A36-B541-30AAA6890713}.Release|Any CPU.Build.0 = Release|Any CPU
	EndGlobalSection
	GlobalSection(SolutionProperties) = preSolution
		HideSolutionNode = FALSE
	EndGlobalSection
	GlobalSection(ExtensibilityGlobals) = postSolution
		SolutionGuid = {516327E4-C3EE-4EF6-9E65-D3EBADFE8E3A}
	EndGlobalSection
EndGlobal
